
Microsoft Visual Studio Solution File, Format Version 12.00
# Visual Studio Version 17
VisualStudioVersion = 17.6.33829.357
MinimumVisualStudioVersion = 10.0.40219.1
Project("{FAE04EC0-301F-11D3-BF4B-00C04F79EFBC}") = "WebScraping Puppeteer", "WebScraping Puppeteer\WebScraping Puppeteer.csproj", "{E3290AE1-4093-4318-B143-700A3148A426}"
EndProject
Global
	GlobalSection(SolutionConfigurationPlatforms) = preSolution
		Debug|Any CPU = Debug|Any CPU
		Release|Any CPU = Release|Any CPU
	EndGlobalSection
	GlobalSection(ProjectConfigurationPlatforms) = postSolution
		{E3290AE1-4093-4318-B143-700A3148A426}.Debug|Any CPU.ActiveCfg = Debug|Any CPU
		{E3290AE1-4093-4318-B143-700A3148A426}.Debug|Any CPU.Build.0 = Debug|Any CPU
		{E3290AE1-4093-4318-B143-700A3148A426}.Release|Any CPU.ActiveCfg = Release|Any CPU
		{E3290AE1-4093-4318-B143-700A3148A426}.Release|Any CPU.Build.0 = Release|Any CPU
	EndGlobalSection
	GlobalSection(SolutionProperties) = preSolution
		HideSolutionNode = FALSE
	EndGlobalSection
	GlobalSection(ExtensibilityGlobals) = postSolution
		SolutionGuid = {DAC66AEF-BA56-49AD-A1A1-A1A9AB39EE7A}
	EndGlobalSection
EndGlobal
