
Microsoft Visual Studio Solution File, Format Version 12.00
# Visual Studio Version 17
VisualStudioVersion = 17.10.35004.147
MinimumVisualStudioVersion = 10.0.40219.1
Project("{FAE04EC0-301F-11D3-BF4B-00C04F79EFBC}") = "SampleOfJWTToken", "SampleOfJWTToken.csproj", "{D2493494-D46D-4655-8307-0A383798250E}"
EndProject
Global
	GlobalSection(SolutionConfigurationPlatforms) = preSolution
		Debug|Any CPU = Debug|Any CPU
		Release|Any CPU = Release|Any CPU
	EndGlobalSection
	GlobalSection(ProjectConfigurationPlatforms) = postSolution
		{D2493494-D46D-4655-8307-0A383798250E}.Debug|Any CPU.ActiveCfg = Debug|Any CPU
		{D2493494-D46D-4655-8307-0A383798250E}.Debug|Any CPU.Build.0 = Debug|Any CPU
		{D2493494-D46D-4655-8307-0A383798250E}.Release|Any CPU.ActiveCfg = Release|Any CPU
		{D2493494-D46D-4655-8307-0A383798250E}.Release|Any CPU.Build.0 = Release|Any CPU
	EndGlobalSection
	GlobalSection(SolutionProperties) = preSolution
		HideSolutionNode = FALSE
	EndGlobalSection
	GlobalSection(ExtensibilityGlobals) = postSolution
		SolutionGuid = {C38DB950-EFC2-4C1A-A509-E5E720F95BAE}
	EndGlobalSection
EndGlobal
