
Microsoft Visual Studio Solution File, Format Version 12.00
# Visual Studio Version 17
VisualStudioVersion = 17.7.34024.191
MinimumVisualStudioVersion = 10.0.40219.1
Project("{FAE04EC0-301F-11D3-BF4B-00C04F79EFBC}") = "Stacks y Dictionary", "Stacks y Dictionary\Stacks y Dictionary.csproj", "{9FCC046A-06E3-4F39-96F8-86F4788019DD}"
EndProject
Global
	GlobalSection(SolutionConfigurationPlatforms) = preSolution
		Debug|Any CPU = Debug|Any CPU
		Release|Any CPU = Release|Any CPU
	EndGlobalSection
	GlobalSection(ProjectConfigurationPlatforms) = postSolution
		{9FCC046A-06E3-4F39-96F8-86F4788019DD}.Debug|Any CPU.ActiveCfg = Debug|Any CPU
		{9FCC046A-06E3-4F39-96F8-86F4788019DD}.Debug|Any CPU.Build.0 = Debug|Any CPU
		{9FCC046A-06E3-4F39-96F8-86F4788019DD}.Release|Any CPU.ActiveCfg = Release|Any CPU
		{9FCC046A-06E3-4F39-96F8-86F4788019DD}.Release|Any CPU.Build.0 = Release|Any CPU
	EndGlobalSection
	GlobalSection(SolutionProperties) = preSolution
		HideSolutionNode = FALSE
	EndGlobalSection
	GlobalSection(ExtensibilityGlobals) = postSolution
		SolutionGuid = {C12FBEA4-780E-4FB9-870A-331FAF8A6689}
	EndGlobalSection
EndGlobal
