
Microsoft Visual Studio Solution File, Format Version 12.00
# Visual Studio Version 17
VisualStudioVersion = 17.5.33424.131
MinimumVisualStudioVersion = 10.0.40219.1
Project("{FAE04EC0-301F-11D3-BF4B-00C04F79EFBC}") = "Proyecto_Roles", "Proyecto_Roles\Proyecto_Roles.csproj", "{8E08D81E-C81F-4F7E-8B5F-F507E6991616}"
EndProject
Global
	GlobalSection(SolutionConfigurationPlatforms) = preSolution
		Debug|Any CPU = Debug|Any CPU
		Release|Any CPU = Release|Any CPU
	EndGlobalSection
	GlobalSection(ProjectConfigurationPlatforms) = postSolution
		{8E08D81E-C81F-4F7E-8B5F-F507E6991616}.Debug|Any CPU.ActiveCfg = Debug|Any CPU
		{8E08D81E-C81F-4F7E-8B5F-F507E6991616}.Debug|Any CPU.Build.0 = Debug|Any CPU
		{8E08D81E-C81F-4F7E-8B5F-F507E6991616}.Release|Any CPU.ActiveCfg = Release|Any CPU
		{8E08D81E-C81F-4F7E-8B5F-F507E6991616}.Release|Any CPU.Build.0 = Release|Any CPU
	EndGlobalSection
	GlobalSection(SolutionProperties) = preSolution
		HideSolutionNode = FALSE
	EndGlobalSection
	GlobalSection(ExtensibilityGlobals) = postSolution
		SolutionGuid = {B36AB8C4-93A0-4EA5-B812-7CA4C1A2D4DC}
	EndGlobalSection
EndGlobal
