
Microsoft Visual Studio Solution File, Format Version 12.00
# Visual Studio Version 17
VisualStudioVersion = 17.4.33403.182
MinimumVisualStudioVersion = 10.0.40219.1
Project("{FAE04EC0-301F-11D3-BF4B-00C04F79EFBC}") = "Test1", "Test1\Test1.csproj", "{5D74CC65-8468-4AE0-BEF8-F330B7D3639B}"
EndProject
Global
	GlobalSection(SolutionConfigurationPlatforms) = preSolution
		Debug|Any CPU = Debug|Any CPU
		Release|Any CPU = Release|Any CPU
	EndGlobalSection
	GlobalSection(ProjectConfigurationPlatforms) = postSolution
		{5D74CC65-8468-4AE0-BEF8-F330B7D3639B}.Debug|Any CPU.ActiveCfg = Debug|Any CPU
		{5D74CC65-8468-4AE0-BEF8-F330B7D3639B}.Debug|Any CPU.Build.0 = Debug|Any CPU
		{5D74CC65-8468-4AE0-BEF8-F330B7D3639B}.Release|Any CPU.ActiveCfg = Release|Any CPU
		{5D74CC65-8468-4AE0-BEF8-F330B7D3639B}.Release|Any CPU.Build.0 = Release|Any CPU
	EndGlobalSection
	GlobalSection(SolutionProperties) = preSolution
		HideSolutionNode = FALSE
	EndGlobalSection
	GlobalSection(ExtensibilityGlobals) = postSolution
		SolutionGuid = {B077156C-B66E-4741-9DB5-9BC1ABE2EF66}
	EndGlobalSection
EndGlobal
