
Microsoft Visual Studio Solution File, Format Version 12.00
# Visual Studio Version 17
VisualStudioVersion = 17.7.34024.191
MinimumVisualStudioVersion = 10.0.40219.1
Project("{FAE04EC0-301F-11D3-BF4B-00C04F79EFBC}") = "Delegados", "Delegados\Delegados.csproj", "{BEBDD1BB-2AB3-4AFA-A586-056657C09CAF}"
EndProject
Global
	GlobalSection(SolutionConfigurationPlatforms) = preSolution
		Debug|Any CPU = Debug|Any CPU
		Release|Any CPU = Release|Any CPU
	EndGlobalSection
	GlobalSection(ProjectConfigurationPlatforms) = postSolution
		{BEBDD1BB-2AB3-4AFA-A586-056657C09CAF}.Debug|Any CPU.ActiveCfg = Debug|Any CPU
		{BEBDD1BB-2AB3-4AFA-A586-056657C09CAF}.Debug|Any CPU.Build.0 = Debug|Any CPU
		{BEBDD1BB-2AB3-4AFA-A586-056657C09CAF}.Release|Any CPU.ActiveCfg = Release|Any CPU
		{BEBDD1BB-2AB3-4AFA-A586-056657C09CAF}.Release|Any CPU.Build.0 = Release|Any CPU
	EndGlobalSection
	GlobalSection(SolutionProperties) = preSolution
		HideSolutionNode = FALSE
	EndGlobalSection
	GlobalSection(ExtensibilityGlobals) = postSolution
		SolutionGuid = {652C974F-662A-4326-B387-35B651544FF0}
	EndGlobalSection
EndGlobal
