
Microsoft Visual Studio Solution File, Format Version 12.00
# Visual Studio Version 17
VisualStudioVersion = 17.5.33424.131
MinimumVisualStudioVersion = 10.0.40219.1
Project("{FAE04EC0-301F-11D3-BF4B-00C04F79EFBC}") = "AplicacionNetRazor", "AplicacionNetRazor\AplicacionNetRazor.csproj", "{CF07725F-0362-429C-91AD-C9B547F9E37B}"
EndProject
Project("{2150E333-8FDC-42A3-9474-1A3956D46DE8}") = "Solution Items", "Solution Items", "{D6D25E0E-06C2-44FE-8D71-422F94D93419}"
	ProjectSection(SolutionItems) = preProject
		.editorconfig = .editorconfig
	EndProjectSection
EndProject
Global
	GlobalSection(SolutionConfigurationPlatforms) = preSolution
		Debug|Any CPU = Debug|Any CPU
		Release|Any CPU = Release|Any CPU
	EndGlobalSection
	GlobalSection(ProjectConfigurationPlatforms) = postSolution
		{CF07725F-0362-429C-91AD-C9B547F9E37B}.Debug|Any CPU.ActiveCfg = Debug|Any CPU
		{CF07725F-0362-429C-91AD-C9B547F9E37B}.Debug|Any CPU.Build.0 = Debug|Any CPU
		{CF07725F-0362-429C-91AD-C9B547F9E37B}.Release|Any CPU.ActiveCfg = Release|Any CPU
		{CF07725F-0362-429C-91AD-C9B547F9E37B}.Release|Any CPU.Build.0 = Release|Any CPU
	EndGlobalSection
	GlobalSection(SolutionProperties) = preSolution
		HideSolutionNode = FALSE
	EndGlobalSection
	GlobalSection(ExtensibilityGlobals) = postSolution
		SolutionGuid = {C0F09261-C04B-4C65-8512-69DF8E32FD36}
	EndGlobalSection
EndGlobal
