
Microsoft Visual Studio Solution File, Format Version 12.00
# Visual Studio Version 17
VisualStudioVersion = 17.4.33403.182
MinimumVisualStudioVersion = 10.0.40219.1
Project("{FAE04EC0-301F-11D3-BF4B-00C04F79EFBC}") = "EsercizioNuovoEliminare", "EsercizioNuovoEliminare\EsercizioNuovoEliminare.csproj", "{410B3258-53A7-4EF1-9C57-A77A5343F682}"
EndProject
Global
	GlobalSection(SolutionConfigurationPlatforms) = preSolution
		Debug|Any CPU = Debug|Any CPU
		Release|Any CPU = Release|Any CPU
	EndGlobalSection
	GlobalSection(ProjectConfigurationPlatforms) = postSolution
		{410B3258-53A7-4EF1-9C57-A77A5343F682}.Debug|Any CPU.ActiveCfg = Debug|Any CPU
		{410B3258-53A7-4EF1-9C57-A77A5343F682}.Debug|Any CPU.Build.0 = Debug|Any CPU
		{410B3258-53A7-4EF1-9C57-A77A5343F682}.Release|Any CPU.ActiveCfg = Release|Any CPU
		{410B3258-53A7-4EF1-9C57-A77A5343F682}.Release|Any CPU.Build.0 = Release|Any CPU
	EndGlobalSection
	GlobalSection(SolutionProperties) = preSolution
		HideSolutionNode = FALSE
	EndGlobalSection
	GlobalSection(ExtensibilityGlobals) = postSolution
		SolutionGuid = {7F59A4B8-360B-43B0-867C-A67A475E20F5}
	EndGlobalSection
EndGlobal
