
Microsoft Visual Studio Solution File, Format Version 12.00
# Visual Studio Version 17
VisualStudioVersion = 17.5.33414.496
MinimumVisualStudioVersion = 10.0.40219.1
Project("{FAE04EC0-301F-11D3-BF4B-00C04F79EFBC}") = "PianetaPersone", "PianetaPersone\PianetaPersone.csproj", "{859550CB-EDB6-4998-AF07-1902382C01F1}"
EndProject
Global
	GlobalSection(SolutionConfigurationPlatforms) = preSolution
		Debug|Any CPU = Debug|Any CPU
		Release|Any CPU = Release|Any CPU
	EndGlobalSection
	GlobalSection(ProjectConfigurationPlatforms) = postSolution
		{859550CB-EDB6-4998-AF07-1902382C01F1}.Debug|Any CPU.ActiveCfg = Debug|Any CPU
		{859550CB-EDB6-4998-AF07-1902382C01F1}.Debug|Any CPU.Build.0 = Debug|Any CPU
		{859550CB-EDB6-4998-AF07-1902382C01F1}.Release|Any CPU.ActiveCfg = Release|Any CPU
		{859550CB-EDB6-4998-AF07-1902382C01F1}.Release|Any CPU.Build.0 = Release|Any CPU
	EndGlobalSection
	GlobalSection(SolutionProperties) = preSolution
		HideSolutionNode = FALSE
	EndGlobalSection
	GlobalSection(ExtensibilityGlobals) = postSolution
		SolutionGuid = {1AF0B3BC-AE77-40A7-BF5C-028CBDC80F28}
	EndGlobalSection
EndGlobal
