
Microsoft Visual Studio Solution File, Format Version 12.00
# Visual Studio Version 17
VisualStudioVersion = 17.7.34024.191
MinimumVisualStudioVersion = 10.0.40219.1
Project("{FAE04EC0-301F-11D3-BF4B-00C04F79EFBC}") = "Expresiones Regulares", "Expresiones Regulares\Expresiones Regulares.csproj", "{3CED2C62-2E39-4A13-8768-D15D7E820F3F}"
EndProject
Global
	GlobalSection(SolutionConfigurationPlatforms) = preSolution
		Debug|Any CPU = Debug|Any CPU
		Release|Any CPU = Release|Any CPU
	EndGlobalSection
	GlobalSection(ProjectConfigurationPlatforms) = postSolution
		{3CED2C62-2E39-4A13-8768-D15D7E820F3F}.Debug|Any CPU.ActiveCfg = Debug|Any CPU
		{3CED2C62-2E39-4A13-8768-D15D7E820F3F}.Debug|Any CPU.Build.0 = Debug|Any CPU
		{3CED2C62-2E39-4A13-8768-D15D7E820F3F}.Release|Any CPU.ActiveCfg = Release|Any CPU
		{3CED2C62-2E39-4A13-8768-D15D7E820F3F}.Release|Any CPU.Build.0 = Release|Any CPU
	EndGlobalSection
	GlobalSection(SolutionProperties) = preSolution
		HideSolutionNode = FALSE
	EndGlobalSection
	GlobalSection(ExtensibilityGlobals) = postSolution
		SolutionGuid = {D1D09BC2-A6B7-4DB0-98A8-412FFD96E0D4}
	EndGlobalSection
EndGlobal
